
Microsoft Visual Studio Solution File, Format Version 12.00
# Visual Studio Version 17
VisualStudioVersion = 17.7.34221.43
MinimumVisualStudioVersion = 10.0.40219.1
Project("{FAE04EC0-301F-11D3-BF4B-00C04F79EFBC}") = "RecursionExamples", "RecursionExamples\RecursionExamples.csproj", "{6A445356-AC18-434D-84D0-610776997032}"
EndProject
Global
	GlobalSection(SolutionConfigurationPlatforms) = preSolution
		Debug|Any CPU = Debug|Any CPU
		Release|Any CPU = Release|Any CPU
	EndGlobalSection
	GlobalSection(ProjectConfigurationPlatforms) = postSolution
		{6A445356-AC18-434D-84D0-610776997032}.Debug|Any CPU.ActiveCfg = Debug|Any CPU
		{6A445356-AC18-434D-84D0-610776997032}.Debug|Any CPU.Build.0 = Debug|Any CPU
		{6A445356-AC18-434D-84D0-610776997032}.Release|Any CPU.ActiveCfg = Release|Any CPU
		{6A445356-AC18-434D-84D0-610776997032}.Release|Any CPU.Build.0 = Release|Any CPU
	EndGlobalSection
	GlobalSection(SolutionProperties) = preSolution
		HideSolutionNode = FALSE
	EndGlobalSection
	GlobalSection(ExtensibilityGlobals) = postSolution
		SolutionGuid = {BF1CF49E-9772-4D4F-AE4F-5BBD16B3D739}
	EndGlobalSection
EndGlobal
