
Microsoft Visual Studio Solution File, Format Version 12.00
# Visual Studio Version 17
VisualStudioVersion = 17.7.34221.43
MinimumVisualStudioVersion = 10.0.40219.1
Project("{FAE04EC0-301F-11D3-BF4B-00C04F79EFBC}") = "TextFileDataAccessDemo", "TextFileDataAccessDemo\TextFileDataAccessDemo.csproj", "{4964AC89-C684-4B5C-9B5C-73618F4CBED4}"
EndProject
Project("{FAE04EC0-301F-11D3-BF4B-00C04F79EFBC}") = "TextFileGUI", "TextFileGUI\TextFileGUI.csproj", "{7AF2A64E-AAE2-423F-8C12-148FDB6B8DAA}"
EndProject
Global
	GlobalSection(SolutionConfigurationPlatforms) = preSolution
		Debug|Any CPU = Debug|Any CPU
		Release|Any CPU = Release|Any CPU
	EndGlobalSection
	GlobalSection(ProjectConfigurationPlatforms) = postSolution
		{4964AC89-C684-4B5C-9B5C-73618F4CBED4}.Debug|Any CPU.ActiveCfg = Debug|Any CPU
		{4964AC89-C684-4B5C-9B5C-73618F4CBED4}.Debug|Any CPU.Build.0 = Debug|Any CPU
		{4964AC89-C684-4B5C-9B5C-73618F4CBED4}.Release|Any CPU.ActiveCfg = Release|Any CPU
		{4964AC89-C684-4B5C-9B5C-73618F4CBED4}.Release|Any CPU.Build.0 = Release|Any CPU
		{7AF2A64E-AAE2-423F-8C12-148FDB6B8DAA}.Debug|Any CPU.ActiveCfg = Debug|Any CPU
		{7AF2A64E-AAE2-423F-8C12-148FDB6B8DAA}.Debug|Any CPU.Build.0 = Debug|Any CPU
		{7AF2A64E-AAE2-423F-8C12-148FDB6B8DAA}.Release|Any CPU.ActiveCfg = Release|Any CPU
		{7AF2A64E-AAE2-423F-8C12-148FDB6B8DAA}.Release|Any CPU.Build.0 = Release|Any CPU
	EndGlobalSection
	GlobalSection(SolutionProperties) = preSolution
		HideSolutionNode = FALSE
	EndGlobalSection
	GlobalSection(ExtensibilityGlobals) = postSolution
		SolutionGuid = {62391558-D13D-411F-AEDB-6EB1EECFC9BD}
	EndGlobalSection
EndGlobal
