
Microsoft Visual Studio Solution File, Format Version 12.00
# Visual Studio Version 17
VisualStudioVersion = 17.7.34221.43
MinimumVisualStudioVersion = 10.0.40219.1
Project("{FAE04EC0-301F-11D3-BF4B-00C04F79EFBC}") = "HeroMaker", "HeroMaker\HeroMaker.csproj", "{68690E75-EFFF-48C6-BCFE-B5F3AC6271A3}"
EndProject
Global
	GlobalSection(SolutionConfigurationPlatforms) = preSolution
		Debug|Any CPU = Debug|Any CPU
		Release|Any CPU = Release|Any CPU
	EndGlobalSection
	GlobalSection(ProjectConfigurationPlatforms) = postSolution
		{68690E75-EFFF-48C6-BCFE-B5F3AC6271A3}.Debug|Any CPU.ActiveCfg = Debug|Any CPU
		{68690E75-EFFF-48C6-BCFE-B5F3AC6271A3}.Debug|Any CPU.Build.0 = Debug|Any CPU
		{68690E75-EFFF-48C6-BCFE-B5F3AC6271A3}.Release|Any CPU.ActiveCfg = Release|Any CPU
		{68690E75-EFFF-48C6-BCFE-B5F3AC6271A3}.Release|Any CPU.Build.0 = Release|Any CPU
	EndGlobalSection
	GlobalSection(SolutionProperties) = preSolution
		HideSolutionNode = FALSE
	EndGlobalSection
	GlobalSection(ExtensibilityGlobals) = postSolution
		SolutionGuid = {EAF088AE-F584-48B1-A408-AA13CC7E5939}
	EndGlobalSection
EndGlobal
